// !$*UTF8*$!
{
	archiveVersion = 1;
	classes = {
	};
	objectVersion = 50;
	objects = {

/* Begin PBXBuildFile section */
		5233E3A165DD87425CD87E00 /* Pods_Restaurent_Manager.framework in Frameworks */ = {isa = PBXBuildFile; fileRef = 6A051A1D49045F4023A30391 /* Pods_Restaurent_Manager.framework */; };
		BD1A9F39222C9C46001A6861 /* SecondHorizontalCell.swift in Sources */ = {isa = PBXBuildFile; fileRef = BD1A9F38222C9C46001A6861 /* SecondHorizontalCell.swift */; };
		BD1A9F3B222C9E3D001A6861 /* SecondHorizontalController.swift in Sources */ = {isa = PBXBuildFile; fileRef = BD1A9F3A222C9E3D001A6861 /* SecondHorizontalController.swift */; };
		BD1A9F3D222CA7DC001A6861 /* AllRestaurentsInCityCell.swift in Sources */ = {isa = PBXBuildFile; fileRef = BD1A9F3C222CA7DC001A6861 /* AllRestaurentsInCityCell.swift */; };
		BDE43868222B164100636662 /* BaseViewController.swift in Sources */ = {isa = PBXBuildFile; fileRef = BDE43867222B164100636662 /* BaseViewController.swift */; };
		BDE4386B222B25C100636662 /* APIService.swift in Sources */ = {isa = PBXBuildFile; fileRef = BDE4386A222B25C100636662 /* APIService.swift */; };
		BDE4386E222B7AD700636662 /* RestaurentsCell.swift in Sources */ = {isa = PBXBuildFile; fileRef = BDE4386D222B7AD700636662 /* RestaurentsCell.swift */; };
		BDE43870222C3CCD00636662 /* HorizontalCollectionController.swift in Sources */ = {isa = PBXBuildFile; fileRef = BDE4386F222C3CCD00636662 /* HorizontalCollectionController.swift */; };
		BDE43872222C3CF900636662 /* BaseCollectionView.swift in Sources */ = {isa = PBXBuildFile; fileRef = BDE43871222C3CF900636662 /* BaseCollectionView.swift */; };
		BDE43874222C456600636662 /* HeaderViewCell.swift in Sources */ = {isa = PBXBuildFile; fileRef = BDE43873222C456600636662 /* HeaderViewCell.swift */; };
		BDE43876222C51E300636662 /* NearByRestaurentsCell.swift in Sources */ = {isa = PBXBuildFile; fileRef = BDE43875222C51E300636662 /* NearByRestaurentsCell.swift */; };
		BDF16477222AFF6A00A99200 /* AppDelegate.swift in Sources */ = {isa = PBXBuildFile; fileRef = BDF16476222AFF6A00A99200 /* AppDelegate.swift */; };
		BDF1647C222AFF6A00A99200 /* Main.storyboard in Resources */ = {isa = PBXBuildFile; fileRef = BDF1647A222AFF6A00A99200 /* Main.storyboard */; };
		BDF1647E222AFF6C00A99200 /* Assets.xcassets in Resources */ = {isa = PBXBuildFile; fileRef = BDF1647D222AFF6C00A99200 /* Assets.xcassets */; };
		BDF16481222AFF6C00A99200 /* LaunchScreen.storyboard in Resources */ = {isa = PBXBuildFile; fileRef = BDF1647F222AFF6C00A99200 /* LaunchScreen.storyboard */; };
		BDF1648A222AFF9A00A99200 /* Business.swift in Sources */ = {isa = PBXBuildFile; fileRef = BDF16489222AFF9A00A99200 /* Business.swift */; };
/* End PBXBuildFile section */

/* Begin PBXFileReference section */
		301D2EF8F9AD42DEAD1968FB /* Pods-Restaurent Manager.release.xcconfig */ = {isa = PBXFileReference; includeInIndex = 1; lastKnownFileType = text.xcconfig; name = "Pods-Restaurent Manager.release.xcconfig"; path = "Pods/Target Support Files/Pods-Restaurent Manager/Pods-Restaurent Manager.release.xcconfig"; sourceTree = "<group>"; };
		6A051A1D49045F4023A30391 /* Pods_Restaurent_Manager.framework */ = {isa = PBXFileReference; explicitFileType = wrapper.framework; includeInIndex = 0; path = Pods_Restaurent_Manager.framework; sourceTree = BUILT_PRODUCTS_DIR; };
		7E945733C14204020CC026EC /* Pods-Restaurent Manager.debug.xcconfig */ = {isa = PBXFileReference; includeInIndex = 1; lastKnownFileType = text.xcconfig; name = "Pods-Restaurent Manager.debug.xcconfig"; path = "Pods/Target Support Files/Pods-Restaurent Manager/Pods-Restaurent Manager.debug.xcconfig"; sourceTree = "<group>"; };
		BD1A9F38222C9C46001A6861 /* SecondHorizontalCell.swift */ = {isa = PBXFileReference; lastKnownFileType = sourcecode.swift; path = SecondHorizontalCell.swift; sourceTree = "<group>"; };
		BD1A9F3A222C9E3D001A6861 /* SecondHorizontalController.swift */ = {isa = PBXFileReference; lastKnownFileType = sourcecode.swift; path = SecondHorizontalController.swift; sourceTree = "<group>"; };
		BD1A9F3C222CA7DC001A6861 /* AllRestaurentsInCityCell.swift */ = {isa = PBXFileReference; lastKnownFileType = sourcecode.swift; path = AllRestaurentsInCityCell.swift; sourceTree = "<group>"; };
		BDE43867222B164100636662 /* BaseViewController.swift */ = {isa = PBXFileReference; lastKnownFileType = sourcecode.swift; path = BaseViewController.swift; sourceTree = "<group>"; };
		BDE4386A222B25C100636662 /* APIService.swift */ = {isa = PBXFileReference; lastKnownFileType = sourcecode.swift; path = APIService.swift; sourceTree = "<group>"; };
		BDE4386D222B7AD700636662 /* RestaurentsCell.swift */ = {isa = PBXFileReference; lastKnownFileType = sourcecode.swift; path = RestaurentsCell.swift; sourceTree = "<group>"; };
		BDE4386F222C3CCD00636662 /* HorizontalCollectionController.swift */ = {isa = PBXFileReference; lastKnownFileType = sourcecode.swift; path = HorizontalCollectionController.swift; sourceTree = "<group>"; };
		BDE43871222C3CF900636662 /* BaseCollectionView.swift */ = {isa = PBXFileReference; lastKnownFileType = sourcecode.swift; path = BaseCollectionView.swift; sourceTree = "<group>"; };
		BDE43873222C456600636662 /* HeaderViewCell.swift */ = {isa = PBXFileReference; lastKnownFileType = sourcecode.swift; path = HeaderViewCell.swift; sourceTree = "<group>"; };
		BDE43875222C51E300636662 /* NearByRestaurentsCell.swift */ = {isa = PBXFileReference; lastKnownFileType = sourcecode.swift; path = NearByRestaurentsCell.swift; sourceTree = "<group>"; };
		BDF16473222AFF6A00A99200 /* Restaurent Manager.app */ = {isa = PBXFileReference; explicitFileType = wrapper.application; includeInIndex = 0; path = "Restaurent Manager.app"; sourceTree = BUILT_PRODUCTS_DIR; };
		BDF16476222AFF6A00A99200 /* AppDelegate.swift */ = {isa = PBXFileReference; lastKnownFileType = sourcecode.swift; path = AppDelegate.swift; sourceTree = "<group>"; };
		BDF1647B222AFF6A00A99200 /* Base */ = {isa = PBXFileReference; lastKnownFileType = file.storyboard; name = Base; path = Base.lproj/Main.storyboard; sourceTree = "<group>"; };
		BDF1647D222AFF6C00A99200 /* Assets.xcassets */ = {isa = PBXFileReference; lastKnownFileType = folder.assetcatalog; path = Assets.xcassets; sourceTree = "<group>"; };
		BDF16480222AFF6C00A99200 /* Base */ = {isa = PBXFileReference; lastKnownFileType = file.storyboard; name = Base; path = Base.lproj/LaunchScreen.storyboard; sourceTree = "<group>"; };
		BDF16482222AFF6C00A99200 /* Info.plist */ = {isa = PBXFileReference; lastKnownFileType = text.plist.xml; path = Info.plist; sourceTree = "<group>"; };
		BDF16489222AFF9A00A99200 /* Business.swift */ = {isa = PBXFileReference; lastKnownFileType = sourcecode.swift; path = Business.swift; sourceTree = "<group>"; };
/* End PBXFileReference section */

/* Begin PBXFrameworksBuildPhase section */
		BDF16470222AFF6A00A99200 /* Frameworks */ = {
			isa = PBXFrameworksBuildPhase;
			buildActionMask = 2147483647;
			files = (
				5233E3A165DD87425CD87E00 /* Pods_Restaurent_Manager.framework in Frameworks */,
			);
			runOnlyForDeploymentPostprocessing = 0;
		};
/* End PBXFrameworksBuildPhase section */

/* Begin PBXGroup section */
		472A6C7C8F5A23AE41DF1C77 /* Pods */ = {
			isa = PBXGroup;
			children = (
				7E945733C14204020CC026EC /* Pods-Restaurent Manager.debug.xcconfig */,
				301D2EF8F9AD42DEAD1968FB /* Pods-Restaurent Manager.release.xcconfig */,
			);
			name = Pods;
			sourceTree = "<group>";
		};
		7FF69F9DEFB3F02A635B34FC /* Frameworks */ = {
			isa = PBXGroup;
			children = (
				6A051A1D49045F4023A30391 /* Pods_Restaurent_Manager.framework */,
			);
			name = Frameworks;
			sourceTree = "<group>";
		};
		BDE43869222B25B100636662 /* APIService */ = {
			isa = PBXGroup;
			children = (
				BDE4386A222B25C100636662 /* APIService.swift */,
			);
			path = APIService;
			sourceTree = "<group>";
		};
		BDE4386C222B7AC200636662 /* View */ = {
			isa = PBXGroup;
			children = (
				BDE43873222C456600636662 /* HeaderViewCell.swift */,
				BDE4386D222B7AD700636662 /* RestaurentsCell.swift */,
				BDE43875222C51E300636662 /* NearByRestaurentsCell.swift */,
				BD1A9F38222C9C46001A6861 /* SecondHorizontalCell.swift */,
				BD1A9F3C222CA7DC001A6861 /* AllRestaurentsInCityCell.swift */,
			);
			path = View;
			sourceTree = "<group>";
		};
		BDF1646A222AFF6A00A99200 = {
			isa = PBXGroup;
			children = (
				BDF16476222AFF6A00A99200 /* AppDelegate.swift */,
				BDF16475222AFF6A00A99200 /* Restaurent Manager */,
				BDF16474222AFF6A00A99200 /* Products */,
				472A6C7C8F5A23AE41DF1C77 /* Pods */,
				7FF69F9DEFB3F02A635B34FC /* Frameworks */,
			);
			sourceTree = "<group>";
		};
		BDF16474222AFF6A00A99200 /* Products */ = {
			isa = PBXGroup;
			children = (
				BDF16473222AFF6A00A99200 /* Restaurent Manager.app */,
			);
			name = Products;
			sourceTree = "<group>";
		};
		BDF16475222AFF6A00A99200 /* Restaurent Manager */ = {
			isa = PBXGroup;
			children = (
				BDE43871222C3CF900636662 /* BaseCollectionView.swift */,
				BDE43869222B25B100636662 /* APIService */,
				BDF16488222AFF8200A99200 /* Model */,
				BDE4386C222B7AC200636662 /* View */,
				BDF1648B222B146500A99200 /* Controller */,
				BDF1647A222AFF6A00A99200 /* Main.storyboard */,
				BDF1647D222AFF6C00A99200 /* Assets.xcassets */,
				BDF1647F222AFF6C00A99200 /* LaunchScreen.storyboard */,
				BDF16482222AFF6C00A99200 /* Info.plist */,
			);
			path = "Restaurent Manager";
			sourceTree = "<group>";
		};
		BDF16488222AFF8200A99200 /* Model */ = {
			isa = PBXGroup;
			children = (
				BDF16489222AFF9A00A99200 /* Business.swift */,
			);
			path = Model;
			sourceTree = "<group>";
		};
		BDF1648B222B146500A99200 /* Controller */ = {
			isa = PBXGroup;
			children = (
				BDE43867222B164100636662 /* BaseViewController.swift */,
				BDE4386F222C3CCD00636662 /* HorizontalCollectionController.swift */,
				BD1A9F3A222C9E3D001A6861 /* SecondHorizontalController.swift */,
			);
			path = Controller;
			sourceTree = "<group>";
		};
/* End PBXGroup section */

/* Begin PBXNativeTarget section */
		BDF16472222AFF6A00A99200 /* Restaurent Manager */ = {
			isa = PBXNativeTarget;
			buildConfigurationList = BDF16485222AFF6C00A99200 /* Build configuration list for PBXNativeTarget "Restaurent Manager" */;
			buildPhases = (
				443E0F54EAC1BF3F91A04425 /* [CP] Check Pods Manifest.lock */,
				BDF1646F222AFF6A00A99200 /* Sources */,
				BDF16470222AFF6A00A99200 /* Frameworks */,
				BDF16471222AFF6A00A99200 /* Resources */,
				43F04D24ABE02331A256B86F /* [CP] Embed Pods Frameworks */,
			);
			buildRules = (
			);
			dependencies = (
			);
			name = "Restaurent Manager";
			productName = "Restaurent Manager";
			productReference = BDF16473222AFF6A00A99200 /* Restaurent Manager.app */;
			productType = "com.apple.product-type.application";
		};
/* End PBXNativeTarget section */

/* Begin PBXProject section */
		BDF1646B222AFF6A00A99200 /* Project object */ = {
			isa = PBXProject;
			attributes = {
				LastSwiftUpdateCheck = 1010;
				LastUpgradeCheck = 1010;
				ORGANIZATIONNAME = "Viswa Kodela";
				TargetAttributes = {
					BDF16472222AFF6A00A99200 = {
						CreatedOnToolsVersion = 10.1;
					};
				};
			};
			buildConfigurationList = BDF1646E222AFF6A00A99200 /* Build configuration list for PBXProject "Restaurent Manager" */;
			compatibilityVersion = "Xcode 9.3";
			developmentRegion = en;
			hasScannedForEncodings = 0;
			knownRegions = (
				en,
				Base,
			);
			mainGroup = BDF1646A222AFF6A00A99200;
			productRefGroup = BDF16474222AFF6A00A99200 /* Products */;
			projectDirPath = "";
			projectRoot = "";
			targets = (
				BDF16472222AFF6A00A99200 /* Restaurent Manager */,
			);
		};
/* End PBXProject section */

/* Begin PBXResourcesBuildPhase section */
		BDF16471222AFF6A00A99200 /* Resources */ = {
			isa = PBXResourcesBuildPhase;
			buildActionMask = 2147483647;
			files = (
				BDF16481222AFF6C00A99200 /* LaunchScreen.storyboard in Resources */,
				BDF1647E222AFF6C00A99200 /* Assets.xcassets in Resources */,
				BDF1647C222AFF6A00A99200 /* Main.storyboard in Resources */,
			);
			runOnlyForDeploymentPostprocessing = 0;
		};
/* End PBXResourcesBuildPhase section */

/* Begin PBXShellScriptBuildPhase section */
		43F04D24ABE02331A256B86F /* [CP] Embed Pods Frameworks */ = {
			isa = PBXShellScriptBuildPhase;
			buildActionMask = 2147483647;
			files = (
			);
			inputPaths = (
				"${SRCROOT}/Pods/Target Support Files/Pods-Restaurent Manager/Pods-Restaurent Manager-frameworks.sh",
				"${BUILT_PRODUCTS_DIR}/Alamofire/Alamofire.framework",
				"${BUILT_PRODUCTS_DIR}/AlamofireObjectMapper/AlamofireObjectMapper.framework",
				"${BUILT_PRODUCTS_DIR}/CDYelpFusionKit/CDYelpFusionKit.framework",
				"${BUILT_PRODUCTS_DIR}/ObjectMapper/ObjectMapper.framework",
				"${BUILT_PRODUCTS_DIR}/SDWebImage/SDWebImage.framework",
			);
			name = "[CP] Embed Pods Frameworks";
			outputPaths = (
				"${TARGET_BUILD_DIR}/${FRAMEWORKS_FOLDER_PATH}/Alamofire.framework",
				"${TARGET_BUILD_DIR}/${FRAMEWORKS_FOLDER_PATH}/AlamofireObjectMapper.framework",
				"${TARGET_BUILD_DIR}/${FRAMEWORKS_FOLDER_PATH}/CDYelpFusionKit.framework",
				"${TARGET_BUILD_DIR}/${FRAMEWORKS_FOLDER_PATH}/ObjectMapper.framework",
				"${TARGET_BUILD_DIR}/${FRAMEWORKS_FOLDER_PATH}/SDWebImage.framework",
			);
			runOnlyForDeploymentPostprocessing = 0;
			shellPath = /bin/sh;
			shellScript = "\"${SRCROOT}/Pods/Target Support Files/Pods-Restaurent Manager/Pods-Restaurent Manager-frameworks.sh\"\n";
			showEnvVarsInLog = 0;
		};
		443E0F54EAC1BF3F91A04425 /* [CP] Check Pods Manifest.lock */ = {
			isa = PBXShellScriptBuildPhase;
			buildActionMask = 2147483647;
			files = (
			);
			inputPaths = (
				"${PODS_PODFILE_DIR_PATH}/Podfile.lock",
				"${PODS_ROOT}/Manifest.lock",
			);
			name = "[CP] Check Pods Manifest.lock";
			outputPaths = (
				"$(DERIVED_FILE_DIR)/Pods-Restaurent Manager-checkManifestLockResult.txt",
			);
			runOnlyForDeploymentPostprocessing = 0;
			shellPath = /bin/sh;
			shellScript = "diff \"${PODS_PODFILE_DIR_PATH}/Podfile.lock\" \"${PODS_ROOT}/Manifest.lock\" > /dev/null\nif [ $? != 0 ] ; then\n    # print error to STDERR\n    echo \"error: The sandbox is not in sync with the Podfile.lock. Run 'pod install' or update your CocoaPods installation.\" >&2\n    exit 1\nfi\n# This output is used by Xcode 'outputs' to avoid re-running this script phase.\necho \"SUCCESS\" > \"${SCRIPT_OUTPUT_FILE_0}\"\n";
			showEnvVarsInLog = 0;
		};
/* End PBXShellScriptBuildPhase section */

/* Begin PBXSourcesBuildPhase section */
		BDF1646F222AFF6A00A99200 /* Sources */ = {
			isa = PBXSourcesBuildPhase;
			buildActionMask = 2147483647;
			files = (
				BDE43872222C3CF900636662 /* BaseCollectionView.swift in Sources */,
				BDF1648A222AFF9A00A99200 /* Business.swift in Sources */,
				BD1A9F3D222CA7DC001A6861 /* AllRestaurentsInCityCell.swift in Sources */,
				BDE43876222C51E300636662 /* NearByRestaurentsCell.swift in Sources */,
				BDE43870222C3CCD00636662 /* HorizontalCollectionController.swift in Sources */,
				BD1A9F3B222C9E3D001A6861 /* SecondHorizontalController.swift in Sources */,
				BDE43874222C456600636662 /* HeaderViewCell.swift in Sources */,
				BDE4386E222B7AD700636662 /* RestaurentsCell.swift in Sources */,
				BDE43868222B164100636662 /* BaseViewController.swift in Sources */,
				BDE4386B222B25C100636662 /* APIService.swift in Sources */,
				BDF16477222AFF6A00A99200 /* AppDelegate.swift in Sources */,
				BD1A9F39222C9C46001A6861 /* SecondHorizontalCell.swift in Sources */,
			);
			runOnlyForDeploymentPostprocessing = 0;
		};
/* End PBXSourcesBuildPhase section */

/* Begin PBXVariantGroup section */
		BDF1647A222AFF6A00A99200 /* Main.storyboard */ = {
			isa = PBXVariantGroup;
			children = (
				BDF1647B222AFF6A00A99200 /* Base */,
			);
			name = Main.storyboard;
			sourceTree = "<group>";
		};
		BDF1647F222AFF6C00A99200 /* LaunchScreen.storyboard */ = {
			isa = PBXVariantGroup;
			children = (
				BDF16480222AFF6C00A99200 /* Base */,
			);
			name = LaunchScreen.storyboard;
			sourceTree = "<group>";
		};
/* End PBXVariantGroup section */

/* Begin XCBuildConfiguration section */
		BDF16483222AFF6C00A99200 /* Debug */ = {
			isa = XCBuildConfiguration;
			buildSettings = {
				ALWAYS_SEARCH_USER_PATHS = NO;
				CLANG_ANALYZER_NONNULL = YES;
				CLANG_ANALYZER_NUMBER_OBJECT_CONVERSION = YES_AGGRESSIVE;
				CLANG_CXX_LANGUAGE_STANDARD = "gnu++14";
				CLANG_CXX_LIBRARY = "libc++";
				CLANG_ENABLE_MODULES = YES;
				CLANG_ENABLE_OBJC_ARC = YES;
				CLANG_ENABLE_OBJC_WEAK = YES;
				CLANG_WARN_BLOCK_CAPTURE_AUTORELEASING = YES;
				CLANG_WARN_BOOL_CONVERSION = YES;
				CLANG_WARN_COMMA = YES;
				CLANG_WARN_CONSTANT_CONVERSION = YES;
				CLANG_WARN_DEPRECATED_OBJC_IMPLEMENTATIONS = YES;
				CLANG_WARN_DIRECT_OBJC_ISA_USAGE = YES_ERROR;
				CLANG_WARN_DOCUMENTATION_COMMENTS = YES;
				CLANG_WARN_EMPTY_BODY = YES;
				CLANG_WARN_ENUM_CONVERSION = YES;
				CLANG_WARN_INFINITE_RECURSION = YES;
				CLANG_WARN_INT_CONVERSION = YES;
				CLANG_WARN_NON_LITERAL_NULL_CONVERSION = YES;
				CLANG_WARN_OBJC_IMPLICIT_RETAIN_SELF = YES;
				CLANG_WARN_OBJC_LITERAL_CONVERSION = YES;
				CLANG_WARN_OBJC_ROOT_CLASS = YES_ERROR;
				CLANG_WARN_RANGE_LOOP_ANALYSIS = YES;
				CLANG_WARN_STRICT_PROTOTYPES = YES;
				CLANG_WARN_SUSPICIOUS_MOVE = YES;
				CLANG_WARN_UNGUARDED_AVAILABILITY = YES_AGGRESSIVE;
				CLANG_WARN_UNREACHABLE_CODE = YES;
				CLANG_WARN__DUPLICATE_METHOD_MATCH = YES;
				CODE_SIGN_IDENTITY = "iPhone Developer";
				COPY_PHASE_STRIP = NO;
				DEBUG_INFORMATION_FORMAT = dwarf;
				ENABLE_STRICT_OBJC_MSGSEND = YES;
				ENABLE_TESTABILITY = YES;
				GCC_C_LANGUAGE_STANDARD = gnu11;
				GCC_DYNAMIC_NO_PIC = NO;
				GCC_NO_COMMON_BLOCKS = YES;
				GCC_OPTIMIZATION_LEVEL = 0;
				GCC_PREPROCESSOR_DEFINITIONS = (
					"DEBUG=1",
					"$(inherited)",
				);
				GCC_WARN_64_TO_32_BIT_CONVERSION = YES;
				GCC_WARN_ABOUT_RETURN_TYPE = YES_ERROR;
				GCC_WARN_UNDECLARED_SELECTOR = YES;
				GCC_WARN_UNINITIALIZED_AUTOS = YES_AGGRESSIVE;
				GCC_WARN_UNUSED_FUNCTION = YES;
				GCC_WARN_UNUSED_VARIABLE = YES;
				IPHONEOS_DEPLOYMENT_TARGET = 12.1;
				MTL_ENABLE_DEBUG_INFO = INCLUDE_SOURCE;
				MTL_FAST_MATH = YES;
				ONLY_ACTIVE_ARCH = YES;
				SDKROOT = iphoneos;
				SWIFT_ACTIVE_COMPILATION_CONDITIONS = DEBUG;
				SWIFT_OPTIMIZATION_LEVEL = "-Onone";
			};
			name = Debug;
		};
		BDF16484222AFF6C00A99200 /* Release */ = {
			isa = XCBuildConfiguration;
			buildSettings = {
				ALWAYS_SEARCH_USER_PATHS = NO;
				CLANG_ANALYZER_NONNULL = YES;
				CLANG_ANALYZER_NUMBER_OBJECT_CONVERSION = YES_AGGRESSIVE;
				CLANG_CXX_LANGUAGE_STANDARD = "gnu++14";
				CLANG_CXX_LIBRARY = "libc++";
				CLANG_ENABLE_MODULES = YES;
				CLANG_ENABLE_OBJC_ARC = YES;
				CLANG_ENABLE_OBJC_WEAK = YES;
				CLANG_WARN_BLOCK_CAPTURE_AUTORELEASING = YES;
				CLANG_WARN_BOOL_CONVERSION = YES;
				CLANG_WARN_COMMA = YES;
				CLANG_WARN_CONSTANT_CONVERSION = YES;
				CLANG_WARN_DEPRECATED_OBJC_IMPLEMENTATIONS = YES;
				CLANG_WARN_DIRECT_OBJC_ISA_USAGE = YES_ERROR;
				CLANG_WARN_DOCUMENTATION_COMMENTS = YES;
				CLANG_WARN_EMPTY_BODY = YES;
				CLANG_WARN_ENUM_CONVERSION = YES;
				CLANG_WARN_INFINITE_RECURSION = YES;
				CLANG_WARN_INT_CONVERSION = YES;
				CLANG_WARN_NON_LITERAL_NULL_CONVERSION = YES;
				CLANG_WARN_OBJC_IMPLICIT_RETAIN_SELF = YES;
				CLANG_WARN_OBJC_LITERAL_CONVERSION = YES;
				CLANG_WARN_OBJC_ROOT_CLASS = YES_ERROR;
				CLANG_WARN_RANGE_LOOP_ANALYSIS = YES;
				CLANG_WARN_STRICT_PROTOTYPES = YES;
				CLANG_WARN_SUSPICIOUS_MOVE = YES;
				CLANG_WARN_UNGUARDED_AVAILABILITY = YES_AGGRESSIVE;
				CLANG_WARN_UNREACHABLE_CODE = YES;
				CLANG_WARN__DUPLICATE_METHOD_MATCH = YES;
				CODE_SIGN_IDENTITY = "iPhone Developer";
				COPY_PHASE_STRIP = NO;
				DEBUG_INFORMATION_FORMAT = "dwarf-with-dsym";
				ENABLE_NS_ASSERTIONS = NO;
				ENABLE_STRICT_OBJC_MSGSEND = YES;
				GCC_C_LANGUAGE_STANDARD = gnu11;
				GCC_NO_COMMON_BLOCKS = YES;
				GCC_WARN_64_TO_32_BIT_CONVERSION = YES;
				GCC_WARN_ABOUT_RETURN_TYPE = YES_ERROR;
				GCC_WARN_UNDECLARED_SELECTOR = YES;
				GCC_WARN_UNINITIALIZED_AUTOS = YES_AGGRESSIVE;
				GCC_WARN_UNUSED_FUNCTION = YES;
				GCC_WARN_UNUSED_VARIABLE = YES;
				IPHONEOS_DEPLOYMENT_TARGET = 12.1;
				MTL_ENABLE_DEBUG_INFO = NO;
				MTL_FAST_MATH = YES;
				SDKROOT = iphoneos;
				SWIFT_COMPILATION_MODE = wholemodule;
				SWIFT_OPTIMIZATION_LEVEL = "-O";
				VALIDATE_PRODUCT = YES;
			};
			name = Release;
		};
		BDF16486222AFF6C00A99200 /* Debug */ = {
			isa = XCBuildConfiguration;
			baseConfigurationReference = 7E945733C14204020CC026EC /* Pods-Restaurent Manager.debug.xcconfig */;
			buildSettings = {
				ASSETCATALOG_COMPILER_APPICON_NAME = AppIcon;
				CODE_SIGN_STYLE = Automatic;
				DEVELOPMENT_TEAM = SFNG7GVEK8;
				INFOPLIST_FILE = "Restaurent Manager/Info.plist";
				LD_RUNPATH_SEARCH_PATHS = (
					"$(inherited)",
					"@executable_path/Frameworks",
				);
				PRODUCT_BUNDLE_IDENTIFIER = "com.viswakodela.Restaurent-Manager";
				PRODUCT_NAME = "$(TARGET_NAME)";
				SWIFT_VERSION = 4.2;
				TARGETED_DEVICE_FAMILY = "1,2";
			};
			name = Debug;
		};
		BDF16487222AFF6C00A99200 /* Release */ = {
			isa = XCBuildConfiguration;
			baseConfigurationReference = 301D2EF8F9AD42DEAD1968FB /* Pods-Restaurent Manager.release.xcconfig */;
			buildSettings = {
				ASSETCATALOG_COMPILER_APPICON_NAME = AppIcon;
				CODE_SIGN_STYLE = Automatic;
				DEVELOPMENT_TEAM = SFNG7GVEK8;
				INFOPLIST_FILE = "Restaurent Manager/Info.plist";
				LD_RUNPATH_SEARCH_PATHS = (
					"$(inherited)",
					"@executable_path/Frameworks",
				);
				PRODUCT_BUNDLE_IDENTIFIER = "com.viswakodela.Restaurent-Manager";
				PRODUCT_NAME = "$(TARGET_NAME)";
				SWIFT_VERSION = 4.2;
				TARGETED_DEVICE_FAMILY = "1,2";
			};
			name = Release;
		};
/* End XCBuildConfiguration section */

/* Begin XCConfigurationList section */
		BDF1646E222AFF6A00A99200 /* Build configuration list for PBXProject "Restaurent Manager" */ = {
			isa = XCConfigurationList;
			buildConfigurations = (
				BDF16483222AFF6C00A99200 /* Debug */,
				BDF16484222AFF6C00A99200 /* Release */,
			);
			defaultConfigurationIsVisible = 0;
			defaultConfigurationName = Release;
		};
		BDF16485222AFF6C00A99200 /* Build configuration list for PBXNativeTarget "Restaurent Manager" */ = {
			isa = XCConfigurationList;
			buildConfigurations = (
				BDF16486222AFF6C00A99200 /* Debug */,
				BDF16487222AFF6C00A99200 /* Release */,
			);
			defaultConfigurationIsVisible = 0;
			defaultConfigurationName = Release;
		};
/* End XCConfigurationList section */
	};
	rootObject = BDF1646B222AFF6A00A99200 /* Project object */;
}
